
Microsoft Visual Studio Solution File, Format Version 12.00
# Visual Studio Version 16
VisualStudioVersion = 16.0.30002.166
MinimumVisualStudioVersion = 10.0.40219.1
Project("{FAE04EC0-301F-11D3-BF4B-00C04F79EFBC}") = "VarunWebsite", "VarunWebsite\VarunWebsite.csproj", "{09E3F55C-C164-4447-80F3-304C1A317D1A}"
EndProject
Global
	GlobalSection(SolutionConfigurationPlatforms) = preSolution
		Debug|Any CPU = Debug|Any CPU
		Release|Any CPU = Release|Any CPU
	EndGlobalSection
	GlobalSection(ProjectConfigurationPlatforms) = postSolution
		{09E3F55C-C164-4447-80F3-304C1A317D1A}.Debug|Any CPU.ActiveCfg = Debug|Any CPU
		{09E3F55C-C164-4447-80F3-304C1A317D1A}.Debug|Any CPU.Build.0 = Debug|Any CPU
		{09E3F55C-C164-4447-80F3-304C1A317D1A}.Release|Any CPU.ActiveCfg = Release|Any CPU
		{09E3F55C-C164-4447-80F3-304C1A317D1A}.Release|Any CPU.Build.0 = Release|Any CPU
	EndGlobalSection
	GlobalSection(SolutionProperties) = preSolution
		HideSolutionNode = FALSE
	EndGlobalSection
	GlobalSection(ExtensibilityGlobals) = postSolution
		SolutionGuid = {F2B4D36A-E932-45D1-93F9-09AF9C8256CA}
	EndGlobalSection
EndGlobal
